// !$*UTF8*$!
{
	archiveVersion = 1;
	classes = {
	};
	objectVersion = 46;
	objects = {

/* Begin PBXBuildFile section */
		04E4ED1B1B62B587001ABCFA /* AppDelegate.m in Sources */ = {isa = PBXBuildFile; fileRef = 04E4ED1A1B62B587001ABCFA /* AppDelegate.m */; };
		04E4ED1E1B62B587001ABCFA /* main.m in Sources */ = {isa = PBXBuildFile; fileRef = 04E4ED1D1B62B587001ABCFA /* main.m */; };
		04E4ED201B62B587001ABCFA /* Assets.xcassets in Resources */ = {isa = PBXBuildFile; fileRef = 04E4ED1F1B62B587001ABCFA /* Assets.xcassets */; };
		04E4ED231B62B588001ABCFA /* MainMenu.xib in Resources */ = {isa = PBXBuildFile; fileRef = 04E4ED211B62B588001ABCFA /* MainMenu.xib */; };
		04E4ED2C1B62B609001ABCFA /* MacAddressHelper.m in Sources */ = {isa = PBXBuildFile; fileRef = 04E4ED2B1B62B609001ABCFA /* MacAddressHelper.m */; };
/* End PBXBuildFile section */

/* Begin PBXFileReference section */
		04E4ED161B62B587001ABCFA /* MacAddressLesson.app */ = {isa = PBXFileReference; explicitFileType = wrapper.application; includeInIndex = 0; path = MacAddressLesson.app; sourceTree = BUILT_PRODUCTS_DIR; };
		04E4ED191B62B587001ABCFA /* AppDelegate.h */ = {isa = PBXFileReference; lastKnownFileType = sourcecode.c.h; path = AppDelegate.h; sourceTree = "<group>"; };
		04E4ED1A1B62B587001ABCFA /* AppDelegate.m */ = {isa = PBXFileReference; lastKnownFileType = sourcecode.c.objc; path = AppDelegate.m; sourceTree = "<group>"; };
		04E4ED1D1B62B587001ABCFA /* main.m */ = {isa = PBXFileReference; lastKnownFileType = sourcecode.c.objc; path = main.m; sourceTree = "<group>"; };
		04E4ED1F1B62B587001ABCFA /* Assets.xcassets */ = {isa = PBXFileReference; lastKnownFileType = folder.assetcatalog; path = Assets.xcassets; sourceTree = "<group>"; };
		04E4ED221B62B588001ABCFA /* Base */ = {isa = PBXFileReference; lastKnownFileType = file.xib; name = Base; path = Base.lproj/MainMenu.xib; sourceTree = "<group>"; };
		04E4ED241B62B588001ABCFA /* Info.plist */ = {isa = PBXFileReference; lastKnownFileType = text.plist.xml; path = Info.plist; sourceTree = "<group>"; };
		04E4ED2A1B62B609001ABCFA /* MacAddressHelper.h */ = {isa = PBXFileReference; fileEncoding = 4; lastKnownFileType = sourcecode.c.h; name = MacAddressHelper.h; path = ../../MacAddressHelper.h; sourceTree = "<group>"; };
		04E4ED2B1B62B609001ABCFA /* MacAddressHelper.m */ = {isa = PBXFileReference; fileEncoding = 4; lastKnownFileType = sourcecode.c.objc; name = MacAddressHelper.m; path = ../../MacAddressHelper.m; sourceTree = "<group>"; };
/* End PBXFileReference section */

/* Begin PBXFrameworksBuildPhase section */
		04E4ED131B62B587001ABCFA /* Frameworks */ = {
			isa = PBXFrameworksBuildPhase;
			buildActionMask = 2147483647;
			files = (
			);
			runOnlyForDeploymentPostprocessing = 0;
		};
/* End PBXFrameworksBuildPhase section */

/* Begin PBXGroup section */
		04E4ED0D1B62B587001ABCFA = {
			isa = PBXGroup;
			children = (
				04E4ED181B62B587001ABCFA /* MacAddressLesson */,
				04E4ED171B62B587001ABCFA /* Products */,
			);
			sourceTree = "<group>";
		};
		04E4ED171B62B587001ABCFA /* Products */ = {
			isa = PBXGroup;
			children = (
				04E4ED161B62B587001ABCFA /* MacAddressLesson.app */,
			);
			name = Products;
			sourceTree = "<group>";
		};
		04E4ED181B62B587001ABCFA /* MacAddressLesson */ = {
			isa = PBXGroup;
			children = (
				04E4ED2A1B62B609001ABCFA /* MacAddressHelper.h */,
				04E4ED2B1B62B609001ABCFA /* MacAddressHelper.m */,
				04E4ED191B62B587001ABCFA /* AppDelegate.h */,
				04E4ED1A1B62B587001ABCFA /* AppDelegate.m */,
				04E4ED1F1B62B587001ABCFA /* Assets.xcassets */,
				04E4ED211B62B588001ABCFA /* MainMenu.xib */,
				04E4ED241B62B588001ABCFA /* Info.plist */,
				04E4ED1C1B62B587001ABCFA /* Supporting Files */,
			);
			path = MacAddressLesson;
			sourceTree = "<group>";
		};
		04E4ED1C1B62B587001ABCFA /* Supporting Files */ = {
			isa = PBXGroup;
			children = (
				04E4ED1D1B62B587001ABCFA /* main.m */,
			);
			name = "Supporting Files";
			sourceTree = "<group>";
		};
/* End PBXGroup section */

/* Begin PBXNativeTarget section */
		04E4ED151B62B587001ABCFA /* MacAddressLesson */ = {
			isa = PBXNativeTarget;
			buildConfigurationList = 04E4ED271B62B588001ABCFA /* Build configuration list for PBXNativeTarget "MacAddressLesson" */;
			buildPhases = (
				04E4ED121B62B587001ABCFA /* Sources */,
				04E4ED131B62B587001ABCFA /* Frameworks */,
				04E4ED141B62B587001ABCFA /* Resources */,
			);
			buildRules = (
			);
			dependencies = (
			);
			name = MacAddressLesson;
			productName = MacAddressLesson;
			productReference = 04E4ED161B62B587001ABCFA /* MacAddressLesson.app */;
			productType = "com.apple.product-type.application";
		};
/* End PBXNativeTarget section */

/* Begin PBXProject section */
		04E4ED0E1B62B587001ABCFA /* Project object */ = {
			isa = PBXProject;
			attributes = {
				LastUpgradeCheck = 0700;
				ORGANIZATIONNAME = VikasBansal;
				TargetAttributes = {
					04E4ED151B62B587001ABCFA = {
						CreatedOnToolsVersion = 7.0;
					};
				};
			};
			buildConfigurationList = 04E4ED111B62B587001ABCFA /* Build configuration list for PBXProject "MacAddressLesson" */;
			compatibilityVersion = "Xcode 3.2";
			developmentRegion = English;
			hasScannedForEncodings = 0;
			knownRegions = (
				en,
				Base,
			);
			mainGroup = 04E4ED0D1B62B587001ABCFA;
			productRefGroup = 04E4ED171B62B587001ABCFA /* Products */;
			projectDirPath = "";
			projectRoot = "";
			targets = (
				04E4ED151B62B587001ABCFA /* MacAddressLesson */,
			);
		};
/* End PBXProject section */

/* Begin PBXResourcesBuildPhase section */
		04E4ED141B62B587001ABCFA /* Resources */ = {
			isa = PBXResourcesBuildPhase;
			buildActionMask = 2147483647;
			files = (
				04E4ED201B62B587001ABCFA /* Assets.xcassets in Resources */,
				04E4ED231B62B588001ABCFA /* MainMenu.xib in Resources */,
			);
			runOnlyForDeploymentPostprocessing = 0;
		};
/* End PBXResourcesBuildPhase section */

/* Begin PBXSourcesBuildPhase section */
		04E4ED121B62B587001ABCFA /* Sources */ = {
			isa = PBXSourcesBuildPhase;
			buildActionMask = 2147483647;
			files = (
				04E4ED1E1B62B587001ABCFA /* main.m in Sources */,
				04E4ED1B1B62B587001ABCFA /* AppDelegate.m in Sources */,
				04E4ED2C1B62B609001ABCFA /* MacAddressHelper.m in Sources */,
			);
			runOnlyForDeploymentPostprocessing = 0;
		};
/* End PBXSourcesBuildPhase section */

/* Begin PBXVariantGroup section */
		04E4ED211B62B588001ABCFA /* MainMenu.xib */ = {
			isa = PBXVariantGroup;
			children = (
				04E4ED221B62B588001ABCFA /* Base */,
			);
			name = MainMenu.xib;
			sourceTree = "<group>";
		};
/* End PBXVariantGroup section */

/* Begin XCBuildConfiguration section */
		04E4ED251B62B588001ABCFA /* Debug */ = {
			isa = XCBuildConfiguration;
			buildSettings = {
				ALWAYS_SEARCH_USER_PATHS = NO;
				CLANG_CXX_LANGUAGE_STANDARD = "gnu++0x";
				CLANG_CXX_LIBRARY = "libc++";
				CLANG_ENABLE_MODULES = YES;
				CLANG_ENABLE_OBJC_ARC = YES;
				CLANG_WARN_BOOL_CONVERSION = YES;
				CLANG_WARN_CONSTANT_CONVERSION = YES;
				CLANG_WARN_DIRECT_OBJC_ISA_USAGE = YES_ERROR;
				CLANG_WARN_EMPTY_BODY = YES;
				CLANG_WARN_ENUM_CONVERSION = YES;
				CLANG_WARN_INT_CONVERSION = YES;
				CLANG_WARN_OBJC_ROOT_CLASS = YES_ERROR;
				CLANG_WARN_UNREACHABLE_CODE = YES;
				CLANG_WARN__DUPLICATE_METHOD_MATCH = YES;
				CODE_SIGN_IDENTITY = "-";
				COPY_PHASE_STRIP = NO;
				DEBUG_INFORMATION_FORMAT = dwarf;
				ENABLE_STRICT_OBJC_MSGSEND = YES;
				ENABLE_TESTABILITY = YES;
				GCC_C_LANGUAGE_STANDARD = gnu99;
				GCC_DYNAMIC_NO_PIC = NO;
				GCC_NO_COMMON_BLOCKS = YES;
				GCC_OPTIMIZATION_LEVEL = 0;
				GCC_PREPROCESSOR_DEFINITIONS = (
					"DEBUG=1",
					"$(inherited)",
				);
				GCC_WARN_64_TO_32_BIT_CONVERSION = YES;
				GCC_WARN_ABOUT_RETURN_TYPE = YES_ERROR;
				GCC_WARN_UNDECLARED_SELECTOR = YES;
				GCC_WARN_UNINITIALIZED_AUTOS = YES_AGGRESSIVE;
				GCC_WARN_UNUSED_FUNCTION = YES;
				GCC_WARN_UNUSED_VARIABLE = YES;
				MACOSX_DEPLOYMENT_TARGET = 10.10;
				MTL_ENABLE_DEBUG_INFO = YES;
				ONLY_ACTIVE_ARCH = YES;
				SDKROOT = macosx;
			};
			name = Debug;
		};
		04E4ED261B62B588001ABCFA /* Release */ = {
			isa = XCBuildConfiguration;
			buildSettings = {
				ALWAYS_SEARCH_USER_PATHS = NO;
				CLANG_CXX_LANGUAGE_STANDARD = "gnu++0x";
				CLANG_CXX_LIBRARY = "libc++";
				CLANG_ENABLE_MODULES = YES;
				CLANG_ENABLE_OBJC_ARC = YES;
				CLANG_WARN_BOOL_CONVERSION = YES;
				CLANG_WARN_CONSTANT_CONVERSION = YES;
				CLANG_WARN_DIRECT_OBJC_ISA_USAGE = YES_ERROR;
				CLANG_WARN_EMPTY_BODY = YES;
				CLANG_WARN_ENUM_CONVERSION = YES;
				CLANG_WARN_INT_CONVERSION = YES;
				CLANG_WARN_OBJC_ROOT_CLASS = YES_ERROR;
				CLANG_WARN_UNREACHABLE_CODE = YES;
				CLANG_WARN__DUPLICATE_METHOD_MATCH = YES;
				CODE_SIGN_IDENTITY = "-";
				COPY_PHASE_STRIP = NO;
				DEBUG_INFORMATION_FORMAT = "dwarf-with-dsym";
				ENABLE_NS_ASSERTIONS = NO;
				ENABLE_STRICT_OBJC_MSGSEND = YES;
				GCC_C_LANGUAGE_STANDARD = gnu99;
				GCC_NO_COMMON_BLOCKS = YES;
				GCC_WARN_64_TO_32_BIT_CONVERSION = YES;
				GCC_WARN_ABOUT_RETURN_TYPE = YES_ERROR;
				GCC_WARN_UNDECLARED_SELECTOR = YES;
				GCC_WARN_UNINITIALIZED_AUTOS = YES_AGGRESSIVE;
				GCC_WARN_UNUSED_FUNCTION = YES;
				GCC_WARN_UNUSED_VARIABLE = YES;
				MACOSX_DEPLOYMENT_TARGET = 10.10;
				MTL_ENABLE_DEBUG_INFO = NO;
				SDKROOT = macosx;
			};
			name = Release;
		};
		04E4ED281B62B588001ABCFA /* Debug */ = {
			isa = XCBuildConfiguration;
			buildSettings = {
				ASSETCATALOG_COMPILER_APPICON_NAME = AppIcon;
				COMBINE_HIDPI_IMAGES = YES;
				INFOPLIST_FILE = MacAddressLesson/Info.plist;
				LD_RUNPATH_SEARCH_PATHS = "$(inherited) @executable_path/../Frameworks";
				PRODUCT_BUNDLE_IDENTIFIER = com.VikasBansal.MacAddressLesson;
				PRODUCT_NAME = "$(TARGET_NAME)";
			};
			name = Debug;
		};
		04E4ED291B62B588001ABCFA /* Release */ = {
			isa = XCBuildConfiguration;
			buildSettings = {
				ASSETCATALOG_COMPILER_APPICON_NAME = AppIcon;
				COMBINE_HIDPI_IMAGES = YES;
				INFOPLIST_FILE = MacAddressLesson/Info.plist;
				LD_RUNPATH_SEARCH_PATHS = "$(inherited) @executable_path/../Frameworks";
				PRODUCT_BUNDLE_IDENTIFIER = com.VikasBansal.MacAddressLesson;
				PRODUCT_NAME = "$(TARGET_NAME)";
			};
			name = Release;
		};
/* End XCBuildConfiguration section */

/* Begin XCConfigurationList section */
		04E4ED111B62B587001ABCFA /* Build configuration list for PBXProject "MacAddressLesson" */ = {
			isa = XCConfigurationList;
			buildConfigurations = (
				04E4ED251B62B588001ABCFA /* Debug */,
				04E4ED261B62B588001ABCFA /* Release */,
			);
			defaultConfigurationIsVisible = 0;
			defaultConfigurationName = Release;
		};
		04E4ED271B62B588001ABCFA /* Build configuration list for PBXNativeTarget "MacAddressLesson" */ = {
			isa = XCConfigurationList;
			buildConfigurations = (
				04E4ED281B62B588001ABCFA /* Debug */,
				04E4ED291B62B588001ABCFA /* Release */,
			);
			defaultConfigurationIsVisible = 0;
		};
/* End XCConfigurationList section */
	};
	rootObject = 04E4ED0E1B62B587001ABCFA /* Project object */;
}
